
Microsoft Visual Studio Solution File, Format Version 12.00
# Visual Studio Version 17
VisualStudioVersion = 17.13.35825.156 d17.13
MinimumVisualStudioVersion = 10.0.40219.1
Project("{FAE04EC0-301F-11D3-BF4B-00C04F79EFBC}") = "WindowsFormsApp1", "WindowsFormsApp1\WindowsFormsApp1.csproj", "{7CCF13A4-5196-4AE3-A85C-18D0A65F304B}"
EndProject
Global
	GlobalSection(SolutionConfigurationPlatforms) = preSolution
		Debug|Any CPU = Debug|Any CPU
		Release|Any CPU = Release|Any CPU
	EndGlobalSection
	GlobalSection(ProjectConfigurationPlatforms) = postSolution
		{7CCF13A4-5196-4AE3-A85C-18D0A65F304B}.Debug|Any CPU.ActiveCfg = Debug|Any CPU
		{7CCF13A4-5196-4AE3-A85C-18D0A65F304B}.Debug|Any CPU.Build.0 = Debug|Any CPU
		{7CCF13A4-5196-4AE3-A85C-18D0A65F304B}.Release|Any CPU.ActiveCfg = Release|Any CPU
		{7CCF13A4-5196-4AE3-A85C-18D0A65F304B}.Release|Any CPU.Build.0 = Release|Any CPU
	EndGlobalSection
	GlobalSection(SolutionProperties) = preSolution
		HideSolutionNode = FALSE
	EndGlobalSection
	GlobalSection(ExtensibilityGlobals) = postSolution
		SolutionGuid = {572D6271-4726-4DFF-B13D-CED93F3EABFE}
	EndGlobalSection
EndGlobal
